// !$*UTF8*$!
{
	archiveVersion = 1;
	classes = {
	};
	objectVersion = 55;
	objects = {

/* Begin PBXBuildFile section */
		845481FB282A38C700F496BA /* ContentDescriptionView.swift in Sources */ = {isa = PBXBuildFile; fileRef = 845481FA282A38C700F496BA /* ContentDescriptionView.swift */; };
		846847892828DF8A0087FA06 /* ContentListView.swift in Sources */ = {isa = PBXBuildFile; fileRef = 846847882828DF8A0087FA06 /* ContentListView.swift */; };
		8468478C2828ED390087FA06 /* ContentDetailView.swift in Sources */ = {isa = PBXBuildFile; fileRef = 8468478B2828ED390087FA06 /* ContentDetailView.swift */; };
		8468478F2828F0240087FA06 /* AVKit.framework in Frameworks */ = {isa = PBXBuildFile; fileRef = 8468478E2828F0240087FA06 /* AVKit.framework */; };
		849131792824EB0800F35FDD /* HomeCard.swift in Sources */ = {isa = PBXBuildFile; fileRef = 849131782824EB0800F35FDD /* HomeCard.swift */; };
		84C77FB02823A50100FA7C4E /* LearningApp.swift in Sources */ = {isa = PBXBuildFile; fileRef = 84C77FAF2823A50100FA7C4E /* LearningApp.swift */; };
		84C77FB22823A50100FA7C4E /* HomeView.swift in Sources */ = {isa = PBXBuildFile; fileRef = 84C77FB12823A50100FA7C4E /* HomeView.swift */; };
		84C77FB42823A50300FA7C4E /* Assets.xcassets in Resources */ = {isa = PBXBuildFile; fileRef = 84C77FB32823A50300FA7C4E /* Assets.xcassets */; };
		84C77FB72823A50300FA7C4E /* Preview Assets.xcassets in Resources */ = {isa = PBXBuildFile; fileRef = 84C77FB62823A50300FA7C4E /* Preview Assets.xcassets */; };
		84C77FC32823A62000FA7C4E /* ContentModel.swift in Sources */ = {isa = PBXBuildFile; fileRef = 84C77FC22823A62000FA7C4E /* ContentModel.swift */; };
		84C77FC62823A75D00FA7C4E /* style.html in Resources */ = {isa = PBXBuildFile; fileRef = 84C77FC42823A75D00FA7C4E /* style.html */; };
		84C77FC72823A75D00FA7C4E /* data.json in Resources */ = {isa = PBXBuildFile; fileRef = 84C77FC52823A75D00FA7C4E /* data.json */; };
		84C77FC92823A89700FA7C4E /* Models.swift in Sources */ = {isa = PBXBuildFile; fileRef = 84C77FC82823A89700FA7C4E /* Models.swift */; };
		84C9EA9F282A249200A2D71E /* GlobalConstants.swift in Sources */ = {isa = PBXBuildFile; fileRef = 84C9EA9E282A249200A2D71E /* GlobalConstants.swift */; };
/* End PBXBuildFile section */

/* Begin PBXFileReference section */
		845481FA282A38C700F496BA /* ContentDescriptionView.swift */ = {isa = PBXFileReference; lastKnownFileType = sourcecode.swift; path = ContentDescriptionView.swift; sourceTree = "<group>"; };
		846847882828DF8A0087FA06 /* ContentListView.swift */ = {isa = PBXFileReference; lastKnownFileType = sourcecode.swift; path = ContentListView.swift; sourceTree = "<group>"; };
		8468478B2828ED390087FA06 /* ContentDetailView.swift */ = {isa = PBXFileReference; lastKnownFileType = sourcecode.swift; path = ContentDetailView.swift; sourceTree = "<group>"; };
		8468478E2828F0240087FA06 /* AVKit.framework */ = {isa = PBXFileReference; lastKnownFileType = wrapper.framework; name = AVKit.framework; path = System/Library/Frameworks/AVKit.framework; sourceTree = SDKROOT; };
		849131782824EB0800F35FDD /* HomeCard.swift */ = {isa = PBXFileReference; lastKnownFileType = sourcecode.swift; path = HomeCard.swift; sourceTree = "<group>"; };
		84C77FAC2823A50100FA7C4E /* LearningApp.app */ = {isa = PBXFileReference; explicitFileType = wrapper.application; includeInIndex = 0; path = LearningApp.app; sourceTree = BUILT_PRODUCTS_DIR; };
		84C77FAF2823A50100FA7C4E /* LearningApp.swift */ = {isa = PBXFileReference; lastKnownFileType = sourcecode.swift; path = LearningApp.swift; sourceTree = "<group>"; };
		84C77FB12823A50100FA7C4E /* HomeView.swift */ = {isa = PBXFileReference; lastKnownFileType = sourcecode.swift; path = HomeView.swift; sourceTree = "<group>"; };
		84C77FB32823A50300FA7C4E /* Assets.xcassets */ = {isa = PBXFileReference; lastKnownFileType = folder.assetcatalog; path = Assets.xcassets; sourceTree = "<group>"; };
		84C77FB62823A50300FA7C4E /* Preview Assets.xcassets */ = {isa = PBXFileReference; lastKnownFileType = folder.assetcatalog; path = "Preview Assets.xcassets"; sourceTree = "<group>"; };
		84C77FC22823A62000FA7C4E /* ContentModel.swift */ = {isa = PBXFileReference; lastKnownFileType = sourcecode.swift; path = ContentModel.swift; sourceTree = "<group>"; };
		84C77FC42823A75D00FA7C4E /* style.html */ = {isa = PBXFileReference; fileEncoding = 4; lastKnownFileType = text.html; path = style.html; sourceTree = "<group>"; };
		84C77FC52823A75D00FA7C4E /* data.json */ = {isa = PBXFileReference; fileEncoding = 4; lastKnownFileType = text.json; path = data.json; sourceTree = "<group>"; };
		84C77FC82823A89700FA7C4E /* Models.swift */ = {isa = PBXFileReference; lastKnownFileType = sourcecode.swift; path = Models.swift; sourceTree = "<group>"; };
		84C9EA9E282A249200A2D71E /* GlobalConstants.swift */ = {isa = PBXFileReference; lastKnownFileType = sourcecode.swift; path = GlobalConstants.swift; sourceTree = "<group>"; };
/* End PBXFileReference section */

/* Begin PBXFrameworksBuildPhase section */
		84C77FA92823A50100FA7C4E /* Frameworks */ = {
			isa = PBXFrameworksBuildPhase;
			buildActionMask = 2147483647;
			files = (
				8468478F2828F0240087FA06 /* AVKit.framework in Frameworks */,
			);
			runOnlyForDeploymentPostprocessing = 0;
		};
/* End PBXFrameworksBuildPhase section */

/* Begin PBXGroup section */
		8468478A2828DF900087FA06 /* Content */ = {
			isa = PBXGroup;
			children = (
				846847882828DF8A0087FA06 /* ContentListView.swift */,
				8468478B2828ED390087FA06 /* ContentDetailView.swift */,
				845481FA282A38C700F496BA /* ContentDescriptionView.swift */,
			);
			path = Content;
			sourceTree = "<group>";
		};
		8468478D2828F0240087FA06 /* Frameworks */ = {
			isa = PBXGroup;
			children = (
				8468478E2828F0240087FA06 /* AVKit.framework */,
			);
			name = Frameworks;
			sourceTree = "<group>";
		};
		849131772824EAF400F35FDD /* Card */ = {
			isa = PBXGroup;
			children = (
				849131782824EB0800F35FDD /* HomeCard.swift */,
			);
			path = Card;
			sourceTree = "<group>";
		};
		84C77FA32823A50100FA7C4E = {
			isa = PBXGroup;
			children = (
				84C77FAE2823A50100FA7C4E /* LearningApp */,
				84C77FAD2823A50100FA7C4E /* Products */,
				8468478D2828F0240087FA06 /* Frameworks */,
			);
			sourceTree = "<group>";
		};
		84C77FAD2823A50100FA7C4E /* Products */ = {
			isa = PBXGroup;
			children = (
				84C77FAC2823A50100FA7C4E /* LearningApp.app */,
			);
			name = Products;
			sourceTree = "<group>";
		};
		84C77FAE2823A50100FA7C4E /* LearningApp */ = {
			isa = PBXGroup;
			children = (
				84C77FAF2823A50100FA7C4E /* LearningApp.swift */,
				84C77FBD2823A5CE00FA7C4E /* Views */,
				84C77FC02823A5D900FA7C4E /* ViewModels */,
				84C77FC12823A5E200FA7C4E /* Models */,
				84C77FBE2823A5D100FA7C4E /* Resources */,
				84C77FBF2823A5D600FA7C4E /* Helpers */,
				84C77FB32823A50300FA7C4E /* Assets.xcassets */,
				84C77FB52823A50300FA7C4E /* Preview Content */,
			);
			path = LearningApp;
			sourceTree = "<group>";
		};
		84C77FB52823A50300FA7C4E /* Preview Content */ = {
			isa = PBXGroup;
			children = (
				84C77FB62823A50300FA7C4E /* Preview Assets.xcassets */,
			);
			path = "Preview Content";
			sourceTree = "<group>";
		};
		84C77FBD2823A5CE00FA7C4E /* Views */ = {
			isa = PBXGroup;
			children = (
				849131772824EAF400F35FDD /* Card */,
				84C77FB12823A50100FA7C4E /* HomeView.swift */,
				8468478A2828DF900087FA06 /* Content */,
			);
			path = Views;
			sourceTree = "<group>";
		};
		84C77FBE2823A5D100FA7C4E /* Resources */ = {
			isa = PBXGroup;
			children = (
				84C77FC52823A75D00FA7C4E /* data.json */,
				84C77FC42823A75D00FA7C4E /* style.html */,
			);
			path = Resources;
			sourceTree = "<group>";
		};
		84C77FBF2823A5D600FA7C4E /* Helpers */ = {
			isa = PBXGroup;
			children = (
				84C9EA9E282A249200A2D71E /* GlobalConstants.swift */,
			);
			path = Helpers;
			sourceTree = "<group>";
		};
		84C77FC02823A5D900FA7C4E /* ViewModels */ = {
			isa = PBXGroup;
			children = (
				84C77FC22823A62000FA7C4E /* ContentModel.swift */,
			);
			path = ViewModels;
			sourceTree = "<group>";
		};
		84C77FC12823A5E200FA7C4E /* Models */ = {
			isa = PBXGroup;
			children = (
				84C77FC82823A89700FA7C4E /* Models.swift */,
			);
			path = Models;
			sourceTree = "<group>";
		};
/* End PBXGroup section */

/* Begin PBXNativeTarget section */
		84C77FAB2823A50100FA7C4E /* LearningApp */ = {
			isa = PBXNativeTarget;
			buildConfigurationList = 84C77FBA2823A50300FA7C4E /* Build configuration list for PBXNativeTarget "LearningApp" */;
			buildPhases = (
				84C77FA82823A50100FA7C4E /* Sources */,
				84C77FA92823A50100FA7C4E /* Frameworks */,
				84C77FAA2823A50100FA7C4E /* Resources */,
			);
			buildRules = (
			);
			dependencies = (
			);
			name = LearningApp;
			productName = LearningApp;
			productReference = 84C77FAC2823A50100FA7C4E /* LearningApp.app */;
			productType = "com.apple.product-type.application";
		};
/* End PBXNativeTarget section */

/* Begin PBXProject section */
		84C77FA42823A50100FA7C4E /* Project object */ = {
			isa = PBXProject;
			attributes = {
				BuildIndependentTargetsInParallel = 1;
				LastSwiftUpdateCheck = 1330;
				LastUpgradeCheck = 1330;
				TargetAttributes = {
					84C77FAB2823A50100FA7C4E = {
						CreatedOnToolsVersion = 13.3.1;
					};
				};
			};
			buildConfigurationList = 84C77FA72823A50100FA7C4E /* Build configuration list for PBXProject "LearningApp" */;
			compatibilityVersion = "Xcode 13.0";
			developmentRegion = en;
			hasScannedForEncodings = 0;
			knownRegions = (
				en,
				Base,
			);
			mainGroup = 84C77FA32823A50100FA7C4E;
			productRefGroup = 84C77FAD2823A50100FA7C4E /* Products */;
			projectDirPath = "";
			projectRoot = "";
			targets = (
				84C77FAB2823A50100FA7C4E /* LearningApp */,
			);
		};
/* End PBXProject section */

/* Begin PBXResourcesBuildPhase section */
		84C77FAA2823A50100FA7C4E /* Resources */ = {
			isa = PBXResourcesBuildPhase;
			buildActionMask = 2147483647;
			files = (
				84C77FC62823A75D00FA7C4E /* style.html in Resources */,
				84C77FB72823A50300FA7C4E /* Preview Assets.xcassets in Resources */,
				84C77FB42823A50300FA7C4E /* Assets.xcassets in Resources */,
				84C77FC72823A75D00FA7C4E /* data.json in Resources */,
			);
			runOnlyForDeploymentPostprocessing = 0;
		};
/* End PBXResourcesBuildPhase section */

/* Begin PBXSourcesBuildPhase section */
		84C77FA82823A50100FA7C4E /* Sources */ = {
			isa = PBXSourcesBuildPhase;
			buildActionMask = 2147483647;
			files = (
				8468478C2828ED390087FA06 /* ContentDetailView.swift in Sources */,
				846847892828DF8A0087FA06 /* ContentListView.swift in Sources */,
				845481FB282A38C700F496BA /* ContentDescriptionView.swift in Sources */,
				84C77FB22823A50100FA7C4E /* HomeView.swift in Sources */,
				84C77FB02823A50100FA7C4E /* LearningApp.swift in Sources */,
				84C77FC32823A62000FA7C4E /* ContentModel.swift in Sources */,
				84C77FC92823A89700FA7C4E /* Models.swift in Sources */,
				84C9EA9F282A249200A2D71E /* GlobalConstants.swift in Sources */,
				849131792824EB0800F35FDD /* HomeCard.swift in Sources */,
			);
			runOnlyForDeploymentPostprocessing = 0;
		};
/* End PBXSourcesBuildPhase section */

/* Begin XCBuildConfiguration section */
		84C77FB82823A50300FA7C4E /* Debug */ = {
			isa = XCBuildConfiguration;
			buildSettings = {
				ALWAYS_SEARCH_USER_PATHS = NO;
				CLANG_ANALYZER_NONNULL = YES;
				CLANG_ANALYZER_NUMBER_OBJECT_CONVERSION = YES_AGGRESSIVE;
				CLANG_CXX_LANGUAGE_STANDARD = "gnu++17";
				CLANG_ENABLE_MODULES = YES;
				CLANG_ENABLE_OBJC_ARC = YES;
				CLANG_ENABLE_OBJC_WEAK = YES;
				CLANG_WARN_BLOCK_CAPTURE_AUTORELEASING = YES;
				CLANG_WARN_BOOL_CONVERSION = YES;
				CLANG_WARN_COMMA = YES;
				CLANG_WARN_CONSTANT_CONVERSION = YES;
				CLANG_WARN_DEPRECATED_OBJC_IMPLEMENTATIONS = YES;
				CLANG_WARN_DIRECT_OBJC_ISA_USAGE = YES_ERROR;
				CLANG_WARN_DOCUMENTATION_COMMENTS = YES;
				CLANG_WARN_EMPTY_BODY = YES;
				CLANG_WARN_ENUM_CONVERSION = YES;
				CLANG_WARN_INFINITE_RECURSION = YES;
				CLANG_WARN_INT_CONVERSION = YES;
				CLANG_WARN_NON_LITERAL_NULL_CONVERSION = YES;
				CLANG_WARN_OBJC_IMPLICIT_RETAIN_SELF = YES;
				CLANG_WARN_OBJC_LITERAL_CONVERSION = YES;
				CLANG_WARN_OBJC_ROOT_CLASS = YES_ERROR;
				CLANG_WARN_QUOTED_INCLUDE_IN_FRAMEWORK_HEADER = YES;
				CLANG_WARN_RANGE_LOOP_ANALYSIS = YES;
				CLANG_WARN_STRICT_PROTOTYPES = YES;
				CLANG_WARN_SUSPICIOUS_MOVE = YES;
				CLANG_WARN_UNGUARDED_AVAILABILITY = YES_AGGRESSIVE;
				CLANG_WARN_UNREACHABLE_CODE = YES;
				CLANG_WARN__DUPLICATE_METHOD_MATCH = YES;
				COPY_PHASE_STRIP = NO;
				DEBUG_INFORMATION_FORMAT = dwarf;
				ENABLE_STRICT_OBJC_MSGSEND = YES;
				ENABLE_TESTABILITY = YES;
				GCC_C_LANGUAGE_STANDARD = gnu11;
				GCC_DYNAMIC_NO_PIC = NO;
				GCC_NO_COMMON_BLOCKS = YES;
				GCC_OPTIMIZATION_LEVEL = 0;
				GCC_PREPROCESSOR_DEFINITIONS = (
					"DEBUG=1",
					"$(inherited)",
				);
				GCC_WARN_64_TO_32_BIT_CONVERSION = YES;
				GCC_WARN_ABOUT_RETURN_TYPE = YES_ERROR;
				GCC_WARN_UNDECLARED_SELECTOR = YES;
				GCC_WARN_UNINITIALIZED_AUTOS = YES_AGGRESSIVE;
				GCC_WARN_UNUSED_FUNCTION = YES;
				GCC_WARN_UNUSED_VARIABLE = YES;
				IPHONEOS_DEPLOYMENT_TARGET = 15.4;
				MTL_ENABLE_DEBUG_INFO = INCLUDE_SOURCE;
				MTL_FAST_MATH = YES;
				ONLY_ACTIVE_ARCH = YES;
				SDKROOT = iphoneos;
				SWIFT_ACTIVE_COMPILATION_CONDITIONS = DEBUG;
				SWIFT_OPTIMIZATION_LEVEL = "-Onone";
			};
			name = Debug;
		};
		84C77FB92823A50300FA7C4E /* Release */ = {
			isa = XCBuildConfiguration;
			buildSettings = {
				ALWAYS_SEARCH_USER_PATHS = NO;
				CLANG_ANALYZER_NONNULL = YES;
				CLANG_ANALYZER_NUMBER_OBJECT_CONVERSION = YES_AGGRESSIVE;
				CLANG_CXX_LANGUAGE_STANDARD = "gnu++17";
				CLANG_ENABLE_MODULES = YES;
				CLANG_ENABLE_OBJC_ARC = YES;
				CLANG_ENABLE_OBJC_WEAK = YES;
				CLANG_WARN_BLOCK_CAPTURE_AUTORELEASING = YES;
				CLANG_WARN_BOOL_CONVERSION = YES;
				CLANG_WARN_COMMA = YES;
				CLANG_WARN_CONSTANT_CONVERSION = YES;
				CLANG_WARN_DEPRECATED_OBJC_IMPLEMENTATIONS = YES;
				CLANG_WARN_DIRECT_OBJC_ISA_USAGE = YES_ERROR;
				CLANG_WARN_DOCUMENTATION_COMMENTS = YES;
				CLANG_WARN_EMPTY_BODY = YES;
				CLANG_WARN_ENUM_CONVERSION = YES;
				CLANG_WARN_INFINITE_RECURSION = YES;
				CLANG_WARN_INT_CONVERSION = YES;
				CLANG_WARN_NON_LITERAL_NULL_CONVERSION = YES;
				CLANG_WARN_OBJC_IMPLICIT_RETAIN_SELF = YES;
				CLANG_WARN_OBJC_LITERAL_CONVERSION = YES;
				CLANG_WARN_OBJC_ROOT_CLASS = YES_ERROR;
				CLANG_WARN_QUOTED_INCLUDE_IN_FRAMEWORK_HEADER = YES;
				CLANG_WARN_RANGE_LOOP_ANALYSIS = YES;
				CLANG_WARN_STRICT_PROTOTYPES = YES;
				CLANG_WARN_SUSPICIOUS_MOVE = YES;
				CLANG_WARN_UNGUARDED_AVAILABILITY = YES_AGGRESSIVE;
				CLANG_WARN_UNREACHABLE_CODE = YES;
				CLANG_WARN__DUPLICATE_METHOD_MATCH = YES;
				COPY_PHASE_STRIP = NO;
				DEBUG_INFORMATION_FORMAT = "dwarf-with-dsym";
				ENABLE_NS_ASSERTIONS = NO;
				ENABLE_STRICT_OBJC_MSGSEND = YES;
				GCC_C_LANGUAGE_STANDARD = gnu11;
				GCC_NO_COMMON_BLOCKS = YES;
				GCC_WARN_64_TO_32_BIT_CONVERSION = YES;
				GCC_WARN_ABOUT_RETURN_TYPE = YES_ERROR;
				GCC_WARN_UNDECLARED_SELECTOR = YES;
				GCC_WARN_UNINITIALIZED_AUTOS = YES_AGGRESSIVE;
				GCC_WARN_UNUSED_FUNCTION = YES;
				GCC_WARN_UNUSED_VARIABLE = YES;
				IPHONEOS_DEPLOYMENT_TARGET = 15.4;
				MTL_ENABLE_DEBUG_INFO = NO;
				MTL_FAST_MATH = YES;
				SDKROOT = iphoneos;
				SWIFT_COMPILATION_MODE = wholemodule;
				SWIFT_OPTIMIZATION_LEVEL = "-O";
				VALIDATE_PRODUCT = YES;
			};
			name = Release;
		};
		84C77FBB2823A50300FA7C4E /* Debug */ = {
			isa = XCBuildConfiguration;
			buildSettings = {
				ASSETCATALOG_COMPILER_APPICON_NAME = AppIcon;
				ASSETCATALOG_COMPILER_GLOBAL_ACCENT_COLOR_NAME = AccentColor;
				CODE_SIGN_STYLE = Automatic;
				CURRENT_PROJECT_VERSION = 1;
				DEVELOPMENT_ASSET_PATHS = "\"LearningApp/Preview Content\"";
				DEVELOPMENT_TEAM = BY93XN74UV;
				ENABLE_PREVIEWS = YES;
				GENERATE_INFOPLIST_FILE = YES;
				INFOPLIST_KEY_UIApplicationSceneManifest_Generation = YES;
				INFOPLIST_KEY_UIApplicationSupportsIndirectInputEvents = YES;
				INFOPLIST_KEY_UILaunchScreen_Generation = YES;
				INFOPLIST_KEY_UISupportedInterfaceOrientations_iPad = "UIInterfaceOrientationPortrait UIInterfaceOrientationPortraitUpsideDown UIInterfaceOrientationLandscapeLeft UIInterfaceOrientationLandscapeRight";
				INFOPLIST_KEY_UISupportedInterfaceOrientations_iPhone = "UIInterfaceOrientationPortrait UIInterfaceOrientationLandscapeLeft UIInterfaceOrientationLandscapeRight";
				LD_RUNPATH_SEARCH_PATHS = (
					"$(inherited)",
					"@executable_path/Frameworks",
				);
				MARKETING_VERSION = 1.0;
				PRODUCT_BUNDLE_IDENTIFIER = training.franklin.dev.LearningApp;
				PRODUCT_NAME = "$(TARGET_NAME)";
				SWIFT_EMIT_LOC_STRINGS = YES;
				SWIFT_VERSION = 5.0;
				TARGETED_DEVICE_FAMILY = "1,2";
			};
			name = Debug;
		};
		84C77FBC2823A50300FA7C4E /* Release */ = {
			isa = XCBuildConfiguration;
			buildSettings = {
				ASSETCATALOG_COMPILER_APPICON_NAME = AppIcon;
				ASSETCATALOG_COMPILER_GLOBAL_ACCENT_COLOR_NAME = AccentColor;
				CODE_SIGN_STYLE = Automatic;
				CURRENT_PROJECT_VERSION = 1;
				DEVELOPMENT_ASSET_PATHS = "\"LearningApp/Preview Content\"";
				DEVELOPMENT_TEAM = BY93XN74UV;
				ENABLE_PREVIEWS = YES;
				GENERATE_INFOPLIST_FILE = YES;
				INFOPLIST_KEY_UIApplicationSceneManifest_Generation = YES;
				INFOPLIST_KEY_UIApplicationSupportsIndirectInputEvents = YES;
				INFOPLIST_KEY_UILaunchScreen_Generation = YES;
				INFOPLIST_KEY_UISupportedInterfaceOrientations_iPad = "UIInterfaceOrientationPortrait UIInterfaceOrientationPortraitUpsideDown UIInterfaceOrientationLandscapeLeft UIInterfaceOrientationLandscapeRight";
				INFOPLIST_KEY_UISupportedInterfaceOrientations_iPhone = "UIInterfaceOrientationPortrait UIInterfaceOrientationLandscapeLeft UIInterfaceOrientationLandscapeRight";
				LD_RUNPATH_SEARCH_PATHS = (
					"$(inherited)",
					"@executable_path/Frameworks",
				);
				MARKETING_VERSION = 1.0;
				PRODUCT_BUNDLE_IDENTIFIER = training.franklin.dev.LearningApp;
				PRODUCT_NAME = "$(TARGET_NAME)";
				SWIFT_EMIT_LOC_STRINGS = YES;
				SWIFT_VERSION = 5.0;
				TARGETED_DEVICE_FAMILY = "1,2";
			};
			name = Release;
		};
/* End XCBuildConfiguration section */

/* Begin XCConfigurationList section */
		84C77FA72823A50100FA7C4E /* Build configuration list for PBXProject "LearningApp" */ = {
			isa = XCConfigurationList;
			buildConfigurations = (
				84C77FB82823A50300FA7C4E /* Debug */,
				84C77FB92823A50300FA7C4E /* Release */,
			);
			defaultConfigurationIsVisible = 0;
			defaultConfigurationName = Release;
		};
		84C77FBA2823A50300FA7C4E /* Build configuration list for PBXNativeTarget "LearningApp" */ = {
			isa = XCConfigurationList;
			buildConfigurations = (
				84C77FBB2823A50300FA7C4E /* Debug */,
				84C77FBC2823A50300FA7C4E /* Release */,
			);
			defaultConfigurationIsVisible = 0;
			defaultConfigurationName = Release;
		};
/* End XCConfigurationList section */
	};
	rootObject = 84C77FA42823A50100FA7C4E /* Project object */;
}
